
Microsoft Visual Studio Solution File, Format Version 12.00
# Visual Studio Version 16
VisualStudioVersion = 16.0.31424.327
MinimumVisualStudioVersion = 10.0.40219.1
Project("{2150E333-8FDC-42A3-9474-1A3956D46DE8}") = "Identityserver", "Identityserver", "{692F7CFC-90F7-4B63-9A93-4FB20A012DDC}"
EndProject
Project("{FAE04EC0-301F-11D3-BF4B-00C04F79EFBC}") = "Identityserver", "Identityserver\Identityserver.csproj", "{DF0B85B4-4F75-4645-9D47-4EE1F68C3EF6}"
EndProject
Global
	GlobalSection(SolutionConfigurationPlatforms) = preSolution
		Debug|Any CPU = Debug|Any CPU
		Release|Any CPU = Release|Any CPU
	EndGlobalSection
	GlobalSection(ProjectConfigurationPlatforms) = postSolution
		{DF0B85B4-4F75-4645-9D47-4EE1F68C3EF6}.Debug|Any CPU.ActiveCfg = Debug|Any CPU
		{DF0B85B4-4F75-4645-9D47-4EE1F68C3EF6}.Debug|Any CPU.Build.0 = Debug|Any CPU
		{DF0B85B4-4F75-4645-9D47-4EE1F68C3EF6}.Release|Any CPU.ActiveCfg = Release|Any CPU
		{DF0B85B4-4F75-4645-9D47-4EE1F68C3EF6}.Release|Any CPU.Build.0 = Release|Any CPU
	EndGlobalSection
	GlobalSection(SolutionProperties) = preSolution
		HideSolutionNode = FALSE
	EndGlobalSection
	GlobalSection(NestedProjects) = preSolution
		{DF0B85B4-4F75-4645-9D47-4EE1F68C3EF6} = {692F7CFC-90F7-4B63-9A93-4FB20A012DDC}
	EndGlobalSection
	GlobalSection(ExtensibilityGlobals) = postSolution
		SolutionGuid = {0301CEA6-B447-44E7-94DF-0CD9C092D8C0}
	EndGlobalSection
EndGlobal
